
Microsoft Visual Studio Solution File, Format Version 12.00
# Visual Studio Version 17
VisualStudioVersion = 17.8.34309.116
MinimumVisualStudioVersion = 10.0.40219.1
Project("{8BC9CEB8-8B4A-11D0-8D11-00A0C91BC942}") = "Fibonacci", "Fibonacci.vcxproj", "{2558736F-3084-426D-8ACE-E007E5E9C9C1}"
EndProject
Global
	GlobalSection(SolutionConfigurationPlatforms) = preSolution
		Debug|x64 = Debug|x64
		Debug|x86 = Debug|x86
		Release|x64 = Release|x64
		Release|x86 = Release|x86
	EndGlobalSection
	GlobalSection(ProjectConfigurationPlatforms) = postSolution
		{2558736F-3084-426D-8ACE-E007E5E9C9C1}.Debug|x64.ActiveCfg = Debug|x64
		{2558736F-3084-426D-8ACE-E007E5E9C9C1}.Debug|x64.Build.0 = Debug|x64
		{2558736F-3084-426D-8ACE-E007E5E9C9C1}.Debug|x86.ActiveCfg = Debug|Win32
		{2558736F-3084-426D-8ACE-E007E5E9C9C1}.Debug|x86.Build.0 = Debug|Win32
		{2558736F-3084-426D-8ACE-E007E5E9C9C1}.Release|x64.ActiveCfg = Release|x64
		{2558736F-3084-426D-8ACE-E007E5E9C9C1}.Release|x64.Build.0 = Release|x64
		{2558736F-3084-426D-8ACE-E007E5E9C9C1}.Release|x86.ActiveCfg = Release|Win32
		{2558736F-3084-426D-8ACE-E007E5E9C9C1}.Release|x86.Build.0 = Release|Win32
	EndGlobalSection
	GlobalSection(SolutionProperties) = preSolution
		HideSolutionNode = FALSE
	EndGlobalSection
	GlobalSection(ExtensibilityGlobals) = postSolution
		SolutionGuid = {2A7CEF36-DFDD-42A3-9B2C-FB16E8A12D5D}
	EndGlobalSection
EndGlobal
